
Microsoft Visual Studio Solution File, Format Version 12.00
# Visual Studio 15
VisualStudioVersion = 15.0.28307.572
MinimumVisualStudioVersion = 10.0.40219.1
Project("{9A19103F-16F7-4668-BE54-9A1E7A4F7556}") = "BookingTestService", "BookingTestService.csproj", "{CD8D46AC-62EC-45CD-9D83-B28B2AE47E98}"
EndProject
Global
	GlobalSection(SolutionConfigurationPlatforms) = preSolution
		Debug|Any CPU = Debug|Any CPU
		Release|Any CPU = Release|Any CPU
	EndGlobalSection
	GlobalSection(ProjectConfigurationPlatforms) = postSolution
		{CD8D46AC-62EC-45CD-9D83-B28B2AE47E98}.Debug|Any CPU.ActiveCfg = Debug|Any CPU
		{CD8D46AC-62EC-45CD-9D83-B28B2AE47E98}.Debug|Any CPU.Build.0 = Debug|Any CPU
		{CD8D46AC-62EC-45CD-9D83-B28B2AE47E98}.Release|Any CPU.ActiveCfg = Release|Any CPU
		{CD8D46AC-62EC-45CD-9D83-B28B2AE47E98}.Release|Any CPU.Build.0 = Release|Any CPU
	EndGlobalSection
	GlobalSection(SolutionProperties) = preSolution
		HideSolutionNode = FALSE
	EndGlobalSection
	GlobalSection(ExtensibilityGlobals) = postSolution
		SolutionGuid = {C26143E4-DADC-47A0-A5DF-74138FB3F116}
	EndGlobalSection
EndGlobal
