
Microsoft Visual Studio Solution File, Format Version 12.00
# Visual Studio 15
VisualStudioVersion = 15.0.28010.2041
MinimumVisualStudioVersion = 10.0.40219.1
Project("{9A19103F-16F7-4668-BE54-9A1E7A4F7556}") = "BookingService", "BookingService\BookingService.csproj", "{D1EEF704-A157-41EA-BF46-EB80D3F2053D}"
EndProject
Project("{9A19103F-16F7-4668-BE54-9A1E7A4F7556}") = "BookingTests", "BookingTests\BookingTests.csproj", "{15026D8F-7E72-40E2-A6B4-2FC07CA4368D}"
EndProject
Project("{9A19103F-16F7-4668-BE54-9A1E7A4F7556}") = "BookingTestService", "BookingTestService\BookingTestService.csproj", "{4848B60D-4EE3-467A-917F-F411D9209FCC}"
EndProject
Global
	GlobalSection(SolutionConfigurationPlatforms) = preSolution
		Debug|Any CPU = Debug|Any CPU
		Release|Any CPU = Release|Any CPU
	EndGlobalSection
	GlobalSection(ProjectConfigurationPlatforms) = postSolution
		{D1EEF704-A157-41EA-BF46-EB80D3F2053D}.Debug|Any CPU.ActiveCfg = Debug|Any CPU
		{D1EEF704-A157-41EA-BF46-EB80D3F2053D}.Debug|Any CPU.Build.0 = Debug|Any CPU
		{D1EEF704-A157-41EA-BF46-EB80D3F2053D}.Release|Any CPU.ActiveCfg = Release|Any CPU
		{D1EEF704-A157-41EA-BF46-EB80D3F2053D}.Release|Any CPU.Build.0 = Release|Any CPU
		{15026D8F-7E72-40E2-A6B4-2FC07CA4368D}.Debug|Any CPU.ActiveCfg = Debug|Any CPU
		{15026D8F-7E72-40E2-A6B4-2FC07CA4368D}.Debug|Any CPU.Build.0 = Debug|Any CPU
		{15026D8F-7E72-40E2-A6B4-2FC07CA4368D}.Release|Any CPU.ActiveCfg = Release|Any CPU
		{15026D8F-7E72-40E2-A6B4-2FC07CA4368D}.Release|Any CPU.Build.0 = Release|Any CPU
		{4848B60D-4EE3-467A-917F-F411D9209FCC}.Debug|Any CPU.ActiveCfg = Debug|Any CPU
		{4848B60D-4EE3-467A-917F-F411D9209FCC}.Debug|Any CPU.Build.0 = Debug|Any CPU
		{4848B60D-4EE3-467A-917F-F411D9209FCC}.Release|Any CPU.ActiveCfg = Release|Any CPU
		{4848B60D-4EE3-467A-917F-F411D9209FCC}.Release|Any CPU.Build.0 = Release|Any CPU
	EndGlobalSection
	GlobalSection(SolutionProperties) = preSolution
		HideSolutionNode = FALSE
	EndGlobalSection
	GlobalSection(ExtensibilityGlobals) = postSolution
		SolutionGuid = {0C4E3FFE-BD52-4235-B519-58E886808C28}
	EndGlobalSection
EndGlobal
